{
  "nodes": {
    "clvk-src": {
      "flake": false,
      "locked": {
        "lastModified": 1732647866,
        "narHash": "sha256-teRLmTyWGrdxRzL5C9M9E7e0RjHA9IXFTlEPN05/rCU=",
        "ref": "refs/heads/main",
        "rev": "adba303720bf1c502d1b0145651102e437770204",
        "revCount": 707,
        "submodules": true,
        "type": "git",
        "url": "https://github.com/kpet/clvk.git"
      },
      "original": {
        "submodules": true,
        "type": "git",
        "url": "https://github.com/kpet/clvk.git"
      }
    },
    "mesa-src": {
      "flake": false,
      "locked": {
        "lastModified": 1732656089,
        "narHash": "sha256-mb8J4xbBSNbU6PO19ZgDm1SNE/IL+jxjZ1PGXydlL/g=",
        "ref": "refs/heads/main",
        "rev": "92235280595e5c4a74fff35a8ec882adb7382be5",
        "revCount": 198281,
        "type": "git",
        "url": "https://gitlab.freedesktop.org/mesa/mesa.git"
      },
      "original": {
        "type": "git",
        "url": "https://gitlab.freedesktop.org/mesa/mesa.git"
      }
    },
    "nixpkgs": {
      "locked": {
        "lastModified": 1731603435,
        "narHash": "sha256-CqCX4JG7UiHvkrBTpYC3wcEurvbtTADLbo3Ns2CEoL8=",
        "owner": "nixos",
        "repo": "nixpkgs",
        "rev": "8b27c1239e5c421a2bbc2c65d52e4a6fbf2ff296",
        "type": "github"
      },
      "original": {
        "owner": "nixos",
        "ref": "24.11-beta",
        "repo": "nixpkgs",
        "type": "github"
      }
    },
    "pocl-src": {
      "flake": false,
      "locked": {
        "lastModified": 1732632355,
        "narHash": "sha256-LbWx8G/Qqp7BHQN7TsBQGELyqviddP5H6ieMOacQTQM=",
        "owner": "pocl",
        "repo": "pocl",
        "rev": "c2f28140be0d1885c3bf3b5fe4c5b24e58a5c565",
        "type": "github"
      },
      "original": {
        "owner": "pocl",
        "repo": "pocl",
        "type": "github"
      }
    },
    "root": {
      "inputs": {
        "clvk-src": "clvk-src",
        "mesa-src": "mesa-src",
        "nixpkgs": "nixpkgs",
        "pocl-src": "pocl-src",
        "shady-src": "shady-src"
      }
    },
    "shady-src": {
      "flake": false,
      "locked": {
        "lastModified": 1730448870,
        "narHash": "sha256-1pZt/CvGm+Y7LeEntovzeegnlbblRXnl2tuCVWXzlCE=",
        "ref": "refs/heads/main",
        "rev": "a4c0ed9d93dfe72a10e0cf221fcc7712d00c80ac",
        "revCount": 2243,
        "submodules": true,
        "type": "git",
        "url": "https://github.com/shady-gang/shady.git"
      },
      "original": {
        "submodules": true,
        "type": "git",
        "url": "https://github.com/shady-gang/shady.git"
      }
    }
  },
  "root": "root",
  "version": 7
}
