{
  "nodes": {
    "clvk-src": {
      "flake": false,
      "locked": {
        "lastModified": 1731753151,
        "narHash": "sha256-Tr2mCupKOhj6gI2qYYcnbM4Uqnlap6eGTrhDhXv0xWs=",
        "ref": "refs/heads/main",
        "rev": "4aa6f004d9cd3e6c89195be07fa57f9ed0bca6a8",
        "revCount": 702,
        "submodules": true,
        "type": "git",
        "url": "https://github.com/kpet/clvk.git"
      },
      "original": {
        "submodules": true,
        "type": "git",
        "url": "https://github.com/kpet/clvk.git"
      }
    },
    "mesa-src": {
      "flake": false,
      "locked": {
        "lastModified": 1731726871,
        "narHash": "sha256-wJJVexAt0k99zJCi//dYzmVEatSreC3ddLNHY7N9Crk=",
        "ref": "refs/heads/main",
        "rev": "3d24f0ece139e040d515c3d15af11af4dbe44bd2",
        "revCount": 197727,
        "type": "git",
        "url": "https://gitlab.freedesktop.org/mesa/mesa.git"
      },
      "original": {
        "type": "git",
        "url": "https://gitlab.freedesktop.org/mesa/mesa.git"
      }
    },
    "nixpkgs": {
      "locked": {
        "lastModified": 1731603435,
        "narHash": "sha256-CqCX4JG7UiHvkrBTpYC3wcEurvbtTADLbo3Ns2CEoL8=",
        "owner": "nixos",
        "repo": "nixpkgs",
        "rev": "8b27c1239e5c421a2bbc2c65d52e4a6fbf2ff296",
        "type": "github"
      },
      "original": {
        "owner": "nixos",
        "ref": "24.11-beta",
        "repo": "nixpkgs",
        "type": "github"
      }
    },
    "pocl-src": {
      "flake": false,
      "locked": {
        "lastModified": 1731686349,
        "narHash": "sha256-yM/N3rrCQeqjl6DA8wIt05bw9M5CO+IQ3kLj/Wdy2nc=",
        "owner": "pocl",
        "repo": "pocl",
        "rev": "21c27b4bd7d55bb86e57424326fa21b62171e5f0",
        "type": "github"
      },
      "original": {
        "owner": "pocl",
        "repo": "pocl",
        "type": "github"
      }
    },
    "root": {
      "inputs": {
        "clvk-src": "clvk-src",
        "mesa-src": "mesa-src",
        "nixpkgs": "nixpkgs",
        "pocl-src": "pocl-src",
        "shady-src": "shady-src"
      }
    },
    "shady-src": {
      "flake": false,
      "locked": {
        "lastModified": 1730448870,
        "narHash": "sha256-1pZt/CvGm+Y7LeEntovzeegnlbblRXnl2tuCVWXzlCE=",
        "ref": "refs/heads/main",
        "rev": "a4c0ed9d93dfe72a10e0cf221fcc7712d00c80ac",
        "revCount": 2243,
        "submodules": true,
        "type": "git",
        "url": "https://github.com/shady-gang/shady.git"
      },
      "original": {
        "submodules": true,
        "type": "git",
        "url": "https://github.com/shady-gang/shady.git"
      }
    }
  },
  "root": "root",
  "version": 7
}
